
Microsoft Visual Studio Solution File, Format Version 12.00
# Visual Studio 15
VisualStudioVersion = 15.0.27130.2010
MinimumVisualStudioVersion = 10.0.40219.1
Project("{FAE04EC0-301F-11D3-BF4B-00C04F79EFBC}") = "PaymentAPI", "PaymentAPI\PaymentAPI.csproj", "{494E52F2-A3A6-4996-AA19-973A3EF02FC4}"
EndProject
Global
	GlobalSection(SolutionConfigurationPlatforms) = preSolution
		Debug|Any CPU = Debug|Any CPU
		Release|Any CPU = Release|Any CPU
	EndGlobalSection
	GlobalSection(ProjectConfigurationPlatforms) = postSolution
		{494E52F2-A3A6-4996-AA19-973A3EF02FC4}.Debug|Any CPU.ActiveCfg = Debug|Any CPU
		{494E52F2-A3A6-4996-AA19-973A3EF02FC4}.Debug|Any CPU.Build.0 = Debug|Any CPU
		{494E52F2-A3A6-4996-AA19-973A3EF02FC4}.Release|Any CPU.ActiveCfg = Release|Any CPU
		{494E52F2-A3A6-4996-AA19-973A3EF02FC4}.Release|Any CPU.Build.0 = Release|Any CPU
	EndGlobalSection
	GlobalSection(SolutionProperties) = preSolution
		HideSolutionNode = FALSE
	EndGlobalSection
	GlobalSection(ExtensibilityGlobals) = postSolution
		SolutionGuid = {78F84712-7C97-45FA-974B-804DC889CF50}
	EndGlobalSection
EndGlobal
